# This file is automatically @generated by Cargo.
# It is not intended for manual editing.
version = 3

[[package]]
name = "asn1"
version = "0.18.0"
source = "registry+https://github.com/rust-lang/crates.io-index"
checksum = "3522623dbb7db59b34439c022ab0445a0257a62ad20d499da3a3507394708559"
dependencies = [
 "asn1_derive",
]

[[package]]
name = "asn1_derive"
version = "0.18.0"
source = "registry+https://github.com/rust-lang/crates.io-index"
checksum = "da79157fc864ed738b596d622929466c68ed48371f17a5f05e329880420a160d"
dependencies = [
 "proc-macro2",
 "quote",
 "syn",
]

[[package]]
name = "cryptography-x509"
version = "0.1.0"
source = "git+https://github.com/pyca/cryptography.git?rev=a63ca251a7aa8a5aac6153e0b69083cb05e1a6d0#a63ca251a7aa8a5aac6153e0b69083cb05e1a6d0"
dependencies = [
 "asn1",
]

[[package]]
name = "hex"
version = "0.4.3"
source = "registry+https://github.com/rust-lang/crates.io-index"
checksum = "7f24254aa9a54b5c858eaee2f5bccdb46aaf0e486a595ed5fd8f86ba55232a70"

[[package]]
name = "proc-macro2"
version = "1.0.86"
source = "registry+https://github.com/rust-lang/crates.io-index"
checksum = "5e719e8df665df0d1c8fbfd238015744736151d4445ec0836b8e628aae103b77"
dependencies = [
 "unicode-ident",
]

[[package]]
name = "quote"
version = "1.0.37"
source = "registry+https://github.com/rust-lang/crates.io-index"
checksum = "b5b9d34b8991d19d98081b46eacdd8eb58c6f2b201139f7c5f643cc155a633af"
dependencies = [
 "proc-macro2",
]

[[package]]
name = "syn"
version = "2.0.79"
source = "registry+https://github.com/rust-lang/crates.io-index"
checksum = "89132cd0bf050864e1d38dc3bbc07a0eb8e7530af26344d3d2bbbef83499f590"
dependencies = [
 "proc-macro2",
 "quote",
 "unicode-ident",
]

[[package]]
name = "tsp-asn1"
version = "0.0.1"
dependencies = [
 "asn1",
 "cryptography-x509",
 "hex",
]

[[package]]
name = "unicode-ident"
version = "1.0.13"
source = "registry+https://github.com/rust-lang/crates.io-index"
checksum = "e91b56cd4cadaeb79bbf1a5645f6b4f8dc5bde8834ad5894a8db35fda9efa1fe"
