# This file is automatically @generated by Cargo.
# It is not intended for manual editing.
version = 3

[[package]]
name = "asn1"
version = "0.20.0"
source = "registry+https://github.com/rust-lang/crates.io-index"
checksum = "2d8b84b4ea1de2bf1dcd2a759737ddb328fb6695b2a95eb7e44fed67e3406f32"
dependencies = [
 "asn1_derive",
 "itoa",
]

[[package]]
name = "asn1_derive"
version = "0.20.0"
source = "registry+https://github.com/rust-lang/crates.io-index"
checksum = "a200809d0138620b3dba989f1d08d0620e76248bc1e62a2ec1b2df5eb1ee08ad"
dependencies = [
 "proc-macro2",
 "quote",
 "syn",
]

[[package]]
name = "cryptography-x509"
version = "0.1.0"
source = "git+https://github.com/pyca/cryptography.git?rev=8f522feb12999085680ae224ede0b8756ea079a0#8f522feb12999085680ae224ede0b8756ea079a0"
dependencies = [
 "asn1",
]

[[package]]
name = "hex"
version = "0.4.3"
source = "registry+https://github.com/rust-lang/crates.io-index"
checksum = "7f24254aa9a54b5c858eaee2f5bccdb46aaf0e486a595ed5fd8f86ba55232a70"

[[package]]
name = "itoa"
version = "1.0.11"
source = "registry+https://github.com/rust-lang/crates.io-index"
checksum = "49f1f14873335454500d59611f1cf4a4b0f786f9ac11f4312a78e4cf2566695b"

[[package]]
name = "proc-macro2"
version = "1.0.89"
source = "registry+https://github.com/rust-lang/crates.io-index"
checksum = "f139b0662de085916d1fb67d2b4169d1addddda1919e696f3252b740b629986e"
dependencies = [
 "unicode-ident",
]

[[package]]
name = "quote"
version = "1.0.37"
source = "registry+https://github.com/rust-lang/crates.io-index"
checksum = "b5b9d34b8991d19d98081b46eacdd8eb58c6f2b201139f7c5f643cc155a633af"
dependencies = [
 "proc-macro2",
]

[[package]]
name = "syn"
version = "2.0.87"
source = "registry+https://github.com/rust-lang/crates.io-index"
checksum = "25aa4ce346d03a6dcd68dd8b4010bcb74e54e62c90c573f394c46eae99aba32d"
dependencies = [
 "proc-macro2",
 "quote",
 "unicode-ident",
]

[[package]]
name = "tsp-asn1"
version = "0.0.1"
dependencies = [
 "asn1",
 "cryptography-x509",
 "hex",
]

[[package]]
name = "unicode-ident"
version = "1.0.13"
source = "registry+https://github.com/rust-lang/crates.io-index"
checksum = "e91b56cd4cadaeb79bbf1a5645f6b4f8dc5bde8834ad5894a8db35fda9efa1fe"
